
Microsoft Visual Studio Solution File, Format Version 12.00
# Visual Studio Version 17
VisualStudioVersion = 17.13.35919.96
MinimumVisualStudioVersion = 10.0.40219.1
Project("{FAE04EC0-301F-11D3-BF4B-00C04F79EFBC}") = "DotNet.MicroSaaS.RabbitMQ", "src\DotNet.MicroSaaS.RabbitMQ\DotNet.MicroSaaS.RabbitMQ.csproj", "{EE61A611-2585-2E66-CBDF-66D2E8E76721}"
EndProject
Global
	GlobalSection(SolutionConfigurationPlatforms) = preSolution
		Debug|Any CPU = Debug|Any CPU
		Release|Any CPU = Release|Any CPU
	EndGlobalSection
	GlobalSection(ProjectConfigurationPlatforms) = postSolution
		{EE61A611-2585-2E66-CBDF-66D2E8E76721}.Debug|Any CPU.ActiveCfg = Debug|Any CPU
		{EE61A611-2585-2E66-CBDF-66D2E8E76721}.Debug|Any CPU.Build.0 = Debug|Any CPU
		{EE61A611-2585-2E66-CBDF-66D2E8E76721}.Release|Any CPU.ActiveCfg = Release|Any CPU
		{EE61A611-2585-2E66-CBDF-66D2E8E76721}.Release|Any CPU.Build.0 = Release|Any CPU
	EndGlobalSection
	GlobalSection(SolutionProperties) = preSolution
		HideSolutionNode = FALSE
	EndGlobalSection
	GlobalSection(ExtensibilityGlobals) = postSolution
		SolutionGuid = {3388E7A9-30B9-4EE1-94D4-48C29AFBBA9B}
	EndGlobalSection
EndGlobal
